
Microsoft Visual Studio Solution File, Format Version 12.00
Project("{FAE04EC0-301F-11D3-BF4B-00C04F79EFBC}") = "MbDevelopment.Greenmaster.Contracts", "MbDevelopment.Greenmaster.Contracts\MbDevelopment.Greenmaster.Contracts.csproj", "{83E2A0CF-2740-48FF-9B92-387928D83FC2}"
EndProject
Project("{FAE04EC0-301F-11D3-BF4B-00C04F79EFBC}") = "MbDevelopment.Greenmaster.Core", "MbDevelopment.Greenmaster.Core\MbDevelopment.Greenmaster.Core.csproj", "{2D7E394F-7413-43DF-9D95-92AA7BE28060}"
EndProject
Project("{FAE04EC0-301F-11D3-BF4B-00C04F79EFBC}") = "MbDevelopment.Greenmaster.BotanicalWebService", "MbDevelopment.Greenmaster.BotanicalWebService\MbDevelopment.Greenmaster.BotanicalWebService.csproj", "{9C5186A2-014B-4E40-8C26-7C85F07E223F}"
EndProject
Project("{FAE04EC0-301F-11D3-BF4B-00C04F79EFBC}") = "MbDevelopment.Greenmaster.DataAccess", "MbDevelopment.Greenmaster.DataAccess\MbDevelopment.Greenmaster.DataAccess.csproj", "{48FAFA69-31B4-47A8-ACBC-D3B0BEFA5DFF}"
EndProject
Project("{FAE04EC0-301F-11D3-BF4B-00C04F79EFBC}") = "MbDevelopment.Greenmaster.DataAccess.Tests", "MbDevelopment.Greenmaster.DataAccess.Tests\MbDevelopment.Greenmaster.DataAccess.Tests.csproj", "{E61A1003-4BA6-4FDB-9B1A-553059103343}"
EndProject
Global
	GlobalSection(SolutionConfigurationPlatforms) = preSolution
		Debug|Any CPU = Debug|Any CPU
		Release|Any CPU = Release|Any CPU
	EndGlobalSection
	GlobalSection(ProjectConfigurationPlatforms) = postSolution
		{83E2A0CF-2740-48FF-9B92-387928D83FC2}.Debug|Any CPU.ActiveCfg = Debug|Any CPU
		{83E2A0CF-2740-48FF-9B92-387928D83FC2}.Debug|Any CPU.Build.0 = Debug|Any CPU
		{83E2A0CF-2740-48FF-9B92-387928D83FC2}.Release|Any CPU.ActiveCfg = Release|Any CPU
		{83E2A0CF-2740-48FF-9B92-387928D83FC2}.Release|Any CPU.Build.0 = Release|Any CPU
		{2D7E394F-7413-43DF-9D95-92AA7BE28060}.Debug|Any CPU.ActiveCfg = Debug|Any CPU
		{2D7E394F-7413-43DF-9D95-92AA7BE28060}.Debug|Any CPU.Build.0 = Debug|Any CPU
		{2D7E394F-7413-43DF-9D95-92AA7BE28060}.Release|Any CPU.ActiveCfg = Release|Any CPU
		{2D7E394F-7413-43DF-9D95-92AA7BE28060}.Release|Any CPU.Build.0 = Release|Any CPU
		{9C5186A2-014B-4E40-8C26-7C85F07E223F}.Debug|Any CPU.ActiveCfg = Debug|Any CPU
		{9C5186A2-014B-4E40-8C26-7C85F07E223F}.Debug|Any CPU.Build.0 = Debug|Any CPU
		{9C5186A2-014B-4E40-8C26-7C85F07E223F}.Release|Any CPU.ActiveCfg = Release|Any CPU
		{9C5186A2-014B-4E40-8C26-7C85F07E223F}.Release|Any CPU.Build.0 = Release|Any CPU
		{48FAFA69-31B4-47A8-ACBC-D3B0BEFA5DFF}.Debug|Any CPU.ActiveCfg = Debug|Any CPU
		{48FAFA69-31B4-47A8-ACBC-D3B0BEFA5DFF}.Debug|Any CPU.Build.0 = Debug|Any CPU
		{48FAFA69-31B4-47A8-ACBC-D3B0BEFA5DFF}.Release|Any CPU.ActiveCfg = Release|Any CPU
		{48FAFA69-31B4-47A8-ACBC-D3B0BEFA5DFF}.Release|Any CPU.Build.0 = Release|Any CPU
		{E61A1003-4BA6-4FDB-9B1A-553059103343}.Debug|Any CPU.ActiveCfg = Debug|Any CPU
		{E61A1003-4BA6-4FDB-9B1A-553059103343}.Debug|Any CPU.Build.0 = Debug|Any CPU
		{E61A1003-4BA6-4FDB-9B1A-553059103343}.Release|Any CPU.ActiveCfg = Release|Any CPU
		{E61A1003-4BA6-4FDB-9B1A-553059103343}.Release|Any CPU.Build.0 = Release|Any CPU
	EndGlobalSection
EndGlobal
